{
  "object": {
    "pins": [
      {
        "package": "Alamofire",
        "repositoryURL": "https://github.com/Alamofire/Alamofire.git",
        "state": {
          "branch": null,
          "revision": "f96b619bcb2383b43d898402283924b80e2c4bae",
          "version": "5.4.3"
        }
      },
      {
        "package": "CredentialManagement",
        "repositoryURL": "https://github.com/erkutbas0/CredentialManagement.git",
        "state": {
          "branch": null,
          "revision": "8bc3a33871854741c2853c1ac0bf697d2f5e41cb",
          "version": "1.0.1"
        }
      },
      {
        "package": "NetworkEntityPackage",
        "repositoryURL": "https://github.com/erkutbas0/NetworkEntityPackage.git",
        "state": {
          "branch": null,
          "revision": "dc9e9fcd4089cf390393fac5365a0b61c73b1c4f",
          "version": "1.0.4"
        }
      },
      {
        "package": "Valet",
        "repositoryURL": "https://github.com/square/Valet.git",
        "state": {
          "branch": null,
          "revision": "2bf3329055f5d71d42a12801dd69d1d770fafa5e",
          "version": "4.1.2"
        }
      }
    ]
  },
  "version": 1
}
